
Microsoft Visual Studio Solution File, Format Version 12.00
# Visual Studio Version 17
VisualStudioVersion = 17.3.32708.82
MinimumVisualStudioVersion = 10.0.40219.1
Project("{9A19103F-16F7-4668-BE54-9A1E7A4F7556}") = "AkiraserverV4", "AkiraserverV4\AkiraserverV4.csproj", "{8F657FB4-DCC8-4BFB-93F0-181E32A876D0}"
EndProject
Project("{9A19103F-16F7-4668-BE54-9A1E7A4F7556}") = "SampleServer", "SampleServer\SampleServer.csproj", "{5AEBCFFA-647F-4D15-8F64-9081F490B6F0}"
EndProject
Global
	GlobalSection(SolutionConfigurationPlatforms) = preSolution
		Debug|Any CPU = Debug|Any CPU
		Release|Any CPU = Release|Any CPU
	EndGlobalSection
	GlobalSection(ProjectConfigurationPlatforms) = postSolution
		{8F657FB4-DCC8-4BFB-93F0-181E32A876D0}.Debug|Any CPU.ActiveCfg = Debug|Any CPU
		{8F657FB4-DCC8-4BFB-93F0-181E32A876D0}.Debug|Any CPU.Build.0 = Debug|Any CPU
		{8F657FB4-DCC8-4BFB-93F0-181E32A876D0}.Release|Any CPU.ActiveCfg = Release|Any CPU
		{8F657FB4-DCC8-4BFB-93F0-181E32A876D0}.Release|Any CPU.Build.0 = Release|Any CPU
		{5AEBCFFA-647F-4D15-8F64-9081F490B6F0}.Debug|Any CPU.ActiveCfg = Debug|Any CPU
		{5AEBCFFA-647F-4D15-8F64-9081F490B6F0}.Debug|Any CPU.Build.0 = Debug|Any CPU
		{5AEBCFFA-647F-4D15-8F64-9081F490B6F0}.Release|Any CPU.ActiveCfg = Release|Any CPU
		{5AEBCFFA-647F-4D15-8F64-9081F490B6F0}.Release|Any CPU.Build.0 = Release|Any CPU
	EndGlobalSection
	GlobalSection(SolutionProperties) = preSolution
		HideSolutionNode = FALSE
	EndGlobalSection
	GlobalSection(ExtensibilityGlobals) = postSolution
		SolutionGuid = {285D570B-ACB1-4373-A22F-9837B09A8D2E}
	EndGlobalSection
EndGlobal
